// !$*UTF8*$!
{
	archiveVersion = 1;
	classes = {
	};
	objectVersion = 55;
	objects = {

/* Begin PBXBuildFile section */
		0AE154CCAC3DAE7EF4069D7D /* Pods_SurfTool.framework in Frameworks */ = {isa = PBXBuildFile; fileRef = BF3273B0BA11BAD2BC9EA2E3 /* Pods_SurfTool.framework */; };
		B17190252B0DDCA800518623 /* AppDelegate.swift in Sources */ = {isa = PBXBuildFile; fileRef = B17190242B0DDCA800518623 /* AppDelegate.swift */; };
		B171902E2B0DDCA900518623 /* Assets.xcassets in Resources */ = {isa = PBXBuildFile; fileRef = B171902D2B0DDCA900518623 /* Assets.xcassets */; };
		B17190312B0DDCA900518623 /* LaunchScreen.storyboard in Resources */ = {isa = PBXBuildFile; fileRef = B171902F2B0DDCA900518623 /* LaunchScreen.storyboard */; };
		B171903A2B0DFF9200518623 /* PhotoListViewController.swift in Sources */ = {isa = PBXBuildFile; fileRef = B17190392B0DFF9200518623 /* PhotoListViewController.swift */; };
		B171903C2B0F52E100518623 /* PhotoItemCell.swift in Sources */ = {isa = PBXBuildFile; fileRef = B171903B2B0F52E100518623 /* PhotoItemCell.swift */; };
		B171903E2B0F55F100518623 /* PhotoDBModel.swift in Sources */ = {isa = PBXBuildFile; fileRef = B171903D2B0F55F100518623 /* PhotoDBModel.swift */; };
		B17190402B0F58FC00518623 /* PhotoDBHandler.swift in Sources */ = {isa = PBXBuildFile; fileRef = B171903F2B0F58FC00518623 /* PhotoDBHandler.swift */; };
		B175BCF22B1DA0C5000B83A6 /* PhotoTextCell.swift in Sources */ = {isa = PBXBuildFile; fileRef = B175BCF12B1DA0C5000B83A6 /* PhotoTextCell.swift */; };
		B175BCF62B1DC929000B83A6 /* PhotoStickerView.swift in Sources */ = {isa = PBXBuildFile; fileRef = B175BCF52B1DC929000B83A6 /* PhotoStickerView.swift */; };
		B175BCF82B1DCDDB000B83A6 /* PhotoFullViewController.swift in Sources */ = {isa = PBXBuildFile; fileRef = B175BCF72B1DCDDB000B83A6 /* PhotoFullViewController.swift */; };
		B175BCFF2B1EF930000B83A6 /* StickerView.bundle in Resources */ = {isa = PBXBuildFile; fileRef = B175BCFA2B1EF930000B83A6 /* StickerView.bundle */; };
		B175BD002B1EF930000B83A6 /* SingleHandGestureRecognizer.m in Sources */ = {isa = PBXBuildFile; fileRef = B175BCFD2B1EF930000B83A6 /* SingleHandGestureRecognizer.m */; };
		B175BD012B1EF930000B83A6 /* StickerView.m in Sources */ = {isa = PBXBuildFile; fileRef = B175BCFE2B1EF930000B83A6 /* StickerView.m */; };
		B1A4C3872B1195B900E3C2C2 /* PhotoBlurHandler.swift in Sources */ = {isa = PBXBuildFile; fileRef = B1A4C3862B1195B900E3C2C2 /* PhotoBlurHandler.swift */; };
		B1A4C3892B14381900E3C2C2 /* AlbumListViewController.swift in Sources */ = {isa = PBXBuildFile; fileRef = B1A4C3882B14381900E3C2C2 /* AlbumListViewController.swift */; };
		B1A4C38B2B143FC800E3C2C2 /* AlbumItemCell.swift in Sources */ = {isa = PBXBuildFile; fileRef = B1A4C38A2B143FC800E3C2C2 /* AlbumItemCell.swift */; };
		B1A4C38D2B15E5FA00E3C2C2 /* PhotoUserView.swift in Sources */ = {isa = PBXBuildFile; fileRef = B1A4C38C2B15E5FA00E3C2C2 /* PhotoUserView.swift */; };
		B1A4C38F2B15FF5400E3C2C2 /* PhotoWebViewController.swift in Sources */ = {isa = PBXBuildFile; fileRef = B1A4C38E2B15FF5400E3C2C2 /* PhotoWebViewController.swift */; };
		B1A4C3932B16065E00E3C2C2 /* PhotoDiamondViewController.swift in Sources */ = {isa = PBXBuildFile; fileRef = B1A4C3922B16065E00E3C2C2 /* PhotoDiamondViewController.swift */; };
		B1A4C3992B16086A00E3C2C2 /* PhotoPurchHandler.swift in Sources */ = {isa = PBXBuildFile; fileRef = B1A4C3982B16086A00E3C2C2 /* PhotoPurchHandler.swift */; };
		B1A4C39B2B1609AC00E3C2C2 /* StoreKit.framework in Frameworks */ = {isa = PBXBuildFile; fileRef = B1A4C39A2B1609AC00E3C2C2 /* StoreKit.framework */; };
		B1A4C39D2B17155800E3C2C2 /* PurchCell.swift in Sources */ = {isa = PBXBuildFile; fileRef = B1A4C39C2B17155800E3C2C2 /* PurchCell.swift */; };
		B1A4C3A42B18730600E3C2C2 /* WidgetKit.framework in Frameworks */ = {isa = PBXBuildFile; fileRef = B1A4C3A32B18730600E3C2C2 /* WidgetKit.framework */; };
		B1A4C3A62B18730600E3C2C2 /* SwiftUI.framework in Frameworks */ = {isa = PBXBuildFile; fileRef = B1A4C3A52B18730600E3C2C2 /* SwiftUI.framework */; };
		B1A4C3A92B18730600E3C2C2 /* islandBundle.swift in Sources */ = {isa = PBXBuildFile; fileRef = B1A4C3A82B18730600E3C2C2 /* islandBundle.swift */; };
		B1A4C3AB2B18730600E3C2C2 /* islandLiveActivity.swift in Sources */ = {isa = PBXBuildFile; fileRef = B1A4C3AA2B18730600E3C2C2 /* islandLiveActivity.swift */; };
		B1A4C3AF2B18730800E3C2C2 /* Assets.xcassets in Resources */ = {isa = PBXBuildFile; fileRef = B1A4C3AE2B18730800E3C2C2 /* Assets.xcassets */; };
		B1A4C3B32B18730800E3C2C2 /* islandExtension.appex in Embed Foundation Extensions */ = {isa = PBXBuildFile; fileRef = B1A4C3A22B18730600E3C2C2 /* islandExtension.appex */; settings = {ATTRIBUTES = (RemoveHeadersOnCopy, ); }; };
		B1D3DEAF2B197220000F516D /* IslandAttributes.swift in Sources */ = {isa = PBXBuildFile; fileRef = B1D3DEAE2B197220000F516D /* IslandAttributes.swift */; };
		B1D3DEB02B197220000F516D /* IslandAttributes.swift in Sources */ = {isa = PBXBuildFile; fileRef = B1D3DEAE2B197220000F516D /* IslandAttributes.swift */; };
/* End PBXBuildFile section */

/* Begin PBXContainerItemProxy section */
		B1A4C3B12B18730800E3C2C2 /* PBXContainerItemProxy */ = {
			isa = PBXContainerItemProxy;
			containerPortal = B17190192B0DDCA800518623 /* Project object */;
			proxyType = 1;
			remoteGlobalIDString = B1A4C3A12B18730600E3C2C2;
			remoteInfo = islandExtension;
		};
/* End PBXContainerItemProxy section */

/* Begin PBXCopyFilesBuildPhase section */
		B1A4C3B72B18730800E3C2C2 /* Embed Foundation Extensions */ = {
			isa = PBXCopyFilesBuildPhase;
			buildActionMask = 2147483647;
			dstPath = "";
			dstSubfolderSpec = 13;
			files = (
				B1A4C3B32B18730800E3C2C2 /* islandExtension.appex in Embed Foundation Extensions */,
			);
			name = "Embed Foundation Extensions";
			runOnlyForDeploymentPostprocessing = 0;
		};
/* End PBXCopyFilesBuildPhase section */

/* Begin PBXFileReference section */
		B17190212B0DDCA800518623 /* SurfTool.app */ = {isa = PBXFileReference; explicitFileType = wrapper.application; includeInIndex = 0; path = SurfTool.app; sourceTree = BUILT_PRODUCTS_DIR; };
		B17190242B0DDCA800518623 /* AppDelegate.swift */ = {isa = PBXFileReference; lastKnownFileType = sourcecode.swift; path = AppDelegate.swift; sourceTree = "<group>"; };
		B171902D2B0DDCA900518623 /* Assets.xcassets */ = {isa = PBXFileReference; lastKnownFileType = folder.assetcatalog; path = Assets.xcassets; sourceTree = "<group>"; };
		B17190302B0DDCA900518623 /* Base */ = {isa = PBXFileReference; lastKnownFileType = file.storyboard; name = Base; path = Base.lproj/LaunchScreen.storyboard; sourceTree = "<group>"; };
		B17190322B0DDCA900518623 /* Info.plist */ = {isa = PBXFileReference; lastKnownFileType = text.plist.xml; path = Info.plist; sourceTree = "<group>"; };
		B17190392B0DFF9200518623 /* PhotoListViewController.swift */ = {isa = PBXFileReference; lastKnownFileType = sourcecode.swift; path = PhotoListViewController.swift; sourceTree = "<group>"; };
		B171903B2B0F52E100518623 /* PhotoItemCell.swift */ = {isa = PBXFileReference; lastKnownFileType = sourcecode.swift; path = PhotoItemCell.swift; sourceTree = "<group>"; };
		B171903D2B0F55F100518623 /* PhotoDBModel.swift */ = {isa = PBXFileReference; lastKnownFileType = sourcecode.swift; path = PhotoDBModel.swift; sourceTree = "<group>"; };
		B171903F2B0F58FC00518623 /* PhotoDBHandler.swift */ = {isa = PBXFileReference; lastKnownFileType = sourcecode.swift; path = PhotoDBHandler.swift; sourceTree = "<group>"; };
		B175BCF12B1DA0C5000B83A6 /* PhotoTextCell.swift */ = {isa = PBXFileReference; lastKnownFileType = sourcecode.swift; path = PhotoTextCell.swift; sourceTree = "<group>"; };
		B175BCF52B1DC929000B83A6 /* PhotoStickerView.swift */ = {isa = PBXFileReference; lastKnownFileType = sourcecode.swift; path = PhotoStickerView.swift; sourceTree = "<group>"; };
		B175BCF72B1DCDDB000B83A6 /* PhotoFullViewController.swift */ = {isa = PBXFileReference; lastKnownFileType = sourcecode.swift; path = PhotoFullViewController.swift; sourceTree = "<group>"; };
		B175BCFA2B1EF930000B83A6 /* StickerView.bundle */ = {isa = PBXFileReference; lastKnownFileType = "wrapper.plug-in"; path = StickerView.bundle; sourceTree = "<group>"; };
		B175BCFB2B1EF930000B83A6 /* StickerView.h */ = {isa = PBXFileReference; fileEncoding = 4; lastKnownFileType = sourcecode.c.h; path = StickerView.h; sourceTree = "<group>"; };
		B175BCFC2B1EF930000B83A6 /* SingleHandGestureRecognizer.h */ = {isa = PBXFileReference; fileEncoding = 4; lastKnownFileType = sourcecode.c.h; path = SingleHandGestureRecognizer.h; sourceTree = "<group>"; };
		B175BCFD2B1EF930000B83A6 /* SingleHandGestureRecognizer.m */ = {isa = PBXFileReference; fileEncoding = 4; lastKnownFileType = sourcecode.c.objc; path = SingleHandGestureRecognizer.m; sourceTree = "<group>"; };
		B175BCFE2B1EF930000B83A6 /* StickerView.m */ = {isa = PBXFileReference; fileEncoding = 4; lastKnownFileType = sourcecode.c.objc; path = StickerView.m; sourceTree = "<group>"; };
		B175BD082B1EFAD8000B83A6 /* SurfTool-Bridging-Header.h */ = {isa = PBXFileReference; lastKnownFileType = sourcecode.c.h; path = "SurfTool-Bridging-Header.h"; sourceTree = "<group>"; };
		B1A4C3862B1195B900E3C2C2 /* PhotoBlurHandler.swift */ = {isa = PBXFileReference; lastKnownFileType = sourcecode.swift; path = PhotoBlurHandler.swift; sourceTree = "<group>"; };
		B1A4C3882B14381900E3C2C2 /* AlbumListViewController.swift */ = {isa = PBXFileReference; lastKnownFileType = sourcecode.swift; path = AlbumListViewController.swift; sourceTree = "<group>"; };
		B1A4C38A2B143FC800E3C2C2 /* AlbumItemCell.swift */ = {isa = PBXFileReference; lastKnownFileType = sourcecode.swift; path = AlbumItemCell.swift; sourceTree = "<group>"; };
		B1A4C38C2B15E5FA00E3C2C2 /* PhotoUserView.swift */ = {isa = PBXFileReference; lastKnownFileType = sourcecode.swift; path = PhotoUserView.swift; sourceTree = "<group>"; };
		B1A4C38E2B15FF5400E3C2C2 /* PhotoWebViewController.swift */ = {isa = PBXFileReference; lastKnownFileType = sourcecode.swift; path = PhotoWebViewController.swift; sourceTree = "<group>"; };
		B1A4C3922B16065E00E3C2C2 /* PhotoDiamondViewController.swift */ = {isa = PBXFileReference; lastKnownFileType = sourcecode.swift; path = PhotoDiamondViewController.swift; sourceTree = "<group>"; };
		B1A4C3982B16086A00E3C2C2 /* PhotoPurchHandler.swift */ = {isa = PBXFileReference; lastKnownFileType = sourcecode.swift; path = PhotoPurchHandler.swift; sourceTree = "<group>"; };
		B1A4C39A2B1609AC00E3C2C2 /* StoreKit.framework */ = {isa = PBXFileReference; lastKnownFileType = wrapper.framework; name = StoreKit.framework; path = System/Library/Frameworks/StoreKit.framework; sourceTree = SDKROOT; };
		B1A4C39C2B17155800E3C2C2 /* PurchCell.swift */ = {isa = PBXFileReference; lastKnownFileType = sourcecode.swift; path = PurchCell.swift; sourceTree = "<group>"; };
		B1A4C3A22B18730600E3C2C2 /* islandExtension.appex */ = {isa = PBXFileReference; explicitFileType = "wrapper.app-extension"; includeInIndex = 0; path = islandExtension.appex; sourceTree = BUILT_PRODUCTS_DIR; };
		B1A4C3A32B18730600E3C2C2 /* WidgetKit.framework */ = {isa = PBXFileReference; lastKnownFileType = wrapper.framework; name = WidgetKit.framework; path = System/Library/Frameworks/WidgetKit.framework; sourceTree = SDKROOT; };
		B1A4C3A52B18730600E3C2C2 /* SwiftUI.framework */ = {isa = PBXFileReference; lastKnownFileType = wrapper.framework; name = SwiftUI.framework; path = System/Library/Frameworks/SwiftUI.framework; sourceTree = SDKROOT; };
		B1A4C3A82B18730600E3C2C2 /* islandBundle.swift */ = {isa = PBXFileReference; lastKnownFileType = sourcecode.swift; path = islandBundle.swift; sourceTree = "<group>"; };
		B1A4C3AA2B18730600E3C2C2 /* islandLiveActivity.swift */ = {isa = PBXFileReference; lastKnownFileType = sourcecode.swift; path = islandLiveActivity.swift; sourceTree = "<group>"; };
		B1A4C3AE2B18730800E3C2C2 /* Assets.xcassets */ = {isa = PBXFileReference; lastKnownFileType = folder.assetcatalog; path = Assets.xcassets; sourceTree = "<group>"; };
		B1A4C3B02B18730800E3C2C2 /* Info.plist */ = {isa = PBXFileReference; lastKnownFileType = text.plist.xml; path = Info.plist; sourceTree = "<group>"; };
		B1A4C3B82B18868600E3C2C2 /* SurfTool.entitlements */ = {isa = PBXFileReference; lastKnownFileType = text.plist.entitlements; path = SurfTool.entitlements; sourceTree = "<group>"; };
		B1A4C3B92B18876200E3C2C2 /* islandExtension.entitlements */ = {isa = PBXFileReference; lastKnownFileType = text.plist.entitlements; path = islandExtension.entitlements; sourceTree = "<group>"; };
		B1D3DEAE2B197220000F516D /* IslandAttributes.swift */ = {isa = PBXFileReference; fileEncoding = 4; lastKnownFileType = sourcecode.swift; path = IslandAttributes.swift; sourceTree = "<group>"; };
		B50FC2F7C750545CDB2F66CD /* Pods-SurfTool.debug.xcconfig */ = {isa = PBXFileReference; includeInIndex = 1; lastKnownFileType = text.xcconfig; name = "Pods-SurfTool.debug.xcconfig"; path = "Target Support Files/Pods-SurfTool/Pods-SurfTool.debug.xcconfig"; sourceTree = "<group>"; };
		BF3273B0BA11BAD2BC9EA2E3 /* Pods_SurfTool.framework */ = {isa = PBXFileReference; explicitFileType = wrapper.framework; includeInIndex = 0; path = Pods_SurfTool.framework; sourceTree = BUILT_PRODUCTS_DIR; };
		C60C0B78843D8FEC13B9C6B3 /* Pods-SurfTool.release.xcconfig */ = {isa = PBXFileReference; includeInIndex = 1; lastKnownFileType = text.xcconfig; name = "Pods-SurfTool.release.xcconfig"; path = "Target Support Files/Pods-SurfTool/Pods-SurfTool.release.xcconfig"; sourceTree = "<group>"; };
/* End PBXFileReference section */

/* Begin PBXFrameworksBuildPhase section */
		B171901E2B0DDCA800518623 /* Frameworks */ = {
			isa = PBXFrameworksBuildPhase;
			buildActionMask = 2147483647;
			files = (
				0AE154CCAC3DAE7EF4069D7D /* Pods_SurfTool.framework in Frameworks */,
				B1A4C39B2B1609AC00E3C2C2 /* StoreKit.framework in Frameworks */,
			);
			runOnlyForDeploymentPostprocessing = 0;
		};
		B1A4C39F2B18730600E3C2C2 /* Frameworks */ = {
			isa = PBXFrameworksBuildPhase;
			buildActionMask = 2147483647;
			files = (
				B1A4C3A62B18730600E3C2C2 /* SwiftUI.framework in Frameworks */,
				B1A4C3A42B18730600E3C2C2 /* WidgetKit.framework in Frameworks */,
			);
			runOnlyForDeploymentPostprocessing = 0;
		};
/* End PBXFrameworksBuildPhase section */

/* Begin PBXGroup section */
		47783B9714FBB0150F685866 /* Pods */ = {
			isa = PBXGroup;
			children = (
				B50FC2F7C750545CDB2F66CD /* Pods-SurfTool.debug.xcconfig */,
				C60C0B78843D8FEC13B9C6B3 /* Pods-SurfTool.release.xcconfig */,
			);
			path = Pods;
			sourceTree = "<group>";
		};
		B17190182B0DDCA800518623 = {
			isa = PBXGroup;
			children = (
				B1A4C3B92B18876200E3C2C2 /* islandExtension.entitlements */,
				B17190232B0DDCA800518623 /* SurfTool */,
				B1A4C3A72B18730600E3C2C2 /* island */,
				B17190222B0DDCA800518623 /* Products */,
				47783B9714FBB0150F685866 /* Pods */,
				F997C11ECC077DBB27B820C7 /* Frameworks */,
			);
			sourceTree = "<group>";
		};
		B17190222B0DDCA800518623 /* Products */ = {
			isa = PBXGroup;
			children = (
				B17190212B0DDCA800518623 /* SurfTool.app */,
				B1A4C3A22B18730600E3C2C2 /* islandExtension.appex */,
			);
			name = Products;
			sourceTree = "<group>";
		};
		B17190232B0DDCA800518623 /* SurfTool */ = {
			isa = PBXGroup;
			children = (
				B1A4C3B82B18868600E3C2C2 /* SurfTool.entitlements */,
				B17190382B0DDD3300518623 /* 1.0 */,
				B17190242B0DDCA800518623 /* AppDelegate.swift */,
				B171902D2B0DDCA900518623 /* Assets.xcassets */,
				B171902F2B0DDCA900518623 /* LaunchScreen.storyboard */,
				B17190322B0DDCA900518623 /* Info.plist */,
			);
			path = SurfTool;
			sourceTree = "<group>";
		};
		B17190382B0DDD3300518623 /* 1.0 */ = {
			isa = PBXGroup;
			children = (
				B1A4C3972B16083900E3C2C2 /* Handler */,
				B1A4C3962B16083200E3C2C2 /* Model */,
				B1A4C3952B16081B00E3C2C2 /* Controller */,
				B1A4C3942B16080100E3C2C2 /* View */,
				B175BD082B1EFAD8000B83A6 /* SurfTool-Bridging-Header.h */,
			);
			path = 1.0;
			sourceTree = "<group>";
		};
		B175BCF92B1EF930000B83A6 /* StickerView-Framework */ = {
			isa = PBXGroup;
			children = (
				B175BCFC2B1EF930000B83A6 /* SingleHandGestureRecognizer.h */,
				B175BCFD2B1EF930000B83A6 /* SingleHandGestureRecognizer.m */,
				B175BCFA2B1EF930000B83A6 /* StickerView.bundle */,
				B175BCFB2B1EF930000B83A6 /* StickerView.h */,
				B175BCFE2B1EF930000B83A6 /* StickerView.m */,
			);
			path = "StickerView-Framework";
			sourceTree = "<group>";
		};
		B1A4C3942B16080100E3C2C2 /* View */ = {
			isa = PBXGroup;
			children = (
				B175BCF92B1EF930000B83A6 /* StickerView-Framework */,
				B1A4C38C2B15E5FA00E3C2C2 /* PhotoUserView.swift */,
				B1A4C38A2B143FC800E3C2C2 /* AlbumItemCell.swift */,
				B171903B2B0F52E100518623 /* PhotoItemCell.swift */,
				B1A4C39C2B17155800E3C2C2 /* PurchCell.swift */,
				B175BCF12B1DA0C5000B83A6 /* PhotoTextCell.swift */,
				B175BCF52B1DC929000B83A6 /* PhotoStickerView.swift */,
			);
			path = View;
			sourceTree = "<group>";
		};
		B1A4C3952B16081B00E3C2C2 /* Controller */ = {
			isa = PBXGroup;
			children = (
				B1A4C3922B16065E00E3C2C2 /* PhotoDiamondViewController.swift */,
				B1A4C38E2B15FF5400E3C2C2 /* PhotoWebViewController.swift */,
				B1A4C3882B14381900E3C2C2 /* AlbumListViewController.swift */,
				B17190392B0DFF9200518623 /* PhotoListViewController.swift */,
				B175BCF72B1DCDDB000B83A6 /* PhotoFullViewController.swift */,
			);
			path = Controller;
			sourceTree = "<group>";
		};
		B1A4C3962B16083200E3C2C2 /* Model */ = {
			isa = PBXGroup;
			children = (
				B171903D2B0F55F100518623 /* PhotoDBModel.swift */,
			);
			path = Model;
			sourceTree = "<group>";
		};
		B1A4C3972B16083900E3C2C2 /* Handler */ = {
			isa = PBXGroup;
			children = (
				B171903F2B0F58FC00518623 /* PhotoDBHandler.swift */,
				B1A4C3862B1195B900E3C2C2 /* PhotoBlurHandler.swift */,
				B1A4C3982B16086A00E3C2C2 /* PhotoPurchHandler.swift */,
			);
			path = Handler;
			sourceTree = "<group>";
		};
		B1A4C3A72B18730600E3C2C2 /* island */ = {
			isa = PBXGroup;
			children = (
				B1D3DEAE2B197220000F516D /* IslandAttributes.swift */,
				B1A4C3A82B18730600E3C2C2 /* islandBundle.swift */,
				B1A4C3AA2B18730600E3C2C2 /* islandLiveActivity.swift */,
				B1A4C3AE2B18730800E3C2C2 /* Assets.xcassets */,
				B1A4C3B02B18730800E3C2C2 /* Info.plist */,
			);
			path = island;
			sourceTree = "<group>";
		};
		F997C11ECC077DBB27B820C7 /* Frameworks */ = {
			isa = PBXGroup;
			children = (
				B1A4C39A2B1609AC00E3C2C2 /* StoreKit.framework */,
				BF3273B0BA11BAD2BC9EA2E3 /* Pods_SurfTool.framework */,
				B1A4C3A32B18730600E3C2C2 /* WidgetKit.framework */,
				B1A4C3A52B18730600E3C2C2 /* SwiftUI.framework */,
			);
			name = Frameworks;
			sourceTree = "<group>";
		};
/* End PBXGroup section */

/* Begin PBXNativeTarget section */
		B17190202B0DDCA800518623 /* SurfTool */ = {
			isa = PBXNativeTarget;
			buildConfigurationList = B17190352B0DDCA900518623 /* Build configuration list for PBXNativeTarget "SurfTool" */;
			buildPhases = (
				28684E61D2C68744086EF7F5 /* [CP] Check Pods Manifest.lock */,
				B171901D2B0DDCA800518623 /* Sources */,
				B171901E2B0DDCA800518623 /* Frameworks */,
				B171901F2B0DDCA800518623 /* Resources */,
				261F378045D43893954593F0 /* [CP] Embed Pods Frameworks */,
				B1A4C3B72B18730800E3C2C2 /* Embed Foundation Extensions */,
			);
			buildRules = (
			);
			dependencies = (
				B1A4C3B22B18730800E3C2C2 /* PBXTargetDependency */,
			);
			name = SurfTool;
			productName = SurfTool;
			productReference = B17190212B0DDCA800518623 /* SurfTool.app */;
			productType = "com.apple.product-type.application";
		};
		B1A4C3A12B18730600E3C2C2 /* islandExtension */ = {
			isa = PBXNativeTarget;
			buildConfigurationList = B1A4C3B42B18730800E3C2C2 /* Build configuration list for PBXNativeTarget "islandExtension" */;
			buildPhases = (
				B1A4C39E2B18730600E3C2C2 /* Sources */,
				B1A4C39F2B18730600E3C2C2 /* Frameworks */,
				B1A4C3A02B18730600E3C2C2 /* Resources */,
			);
			buildRules = (
			);
			dependencies = (
			);
			name = islandExtension;
			productName = islandExtension;
			productReference = B1A4C3A22B18730600E3C2C2 /* islandExtension.appex */;
			productType = "com.apple.product-type.app-extension";
		};
/* End PBXNativeTarget section */

/* Begin PBXProject section */
		B17190192B0DDCA800518623 /* Project object */ = {
			isa = PBXProject;
			attributes = {
				BuildIndependentTargetsInParallel = 1;
				LastSwiftUpdateCheck = 1500;
				LastUpgradeCheck = 1500;
				TargetAttributes = {
					B17190202B0DDCA800518623 = {
						CreatedOnToolsVersion = 15.0.1;
					};
					B1A4C3A12B18730600E3C2C2 = {
						CreatedOnToolsVersion = 15.0.1;
					};
				};
			};
			buildConfigurationList = B171901C2B0DDCA800518623 /* Build configuration list for PBXProject "SurfTool" */;
			compatibilityVersion = "Xcode 13.0";
			developmentRegion = en;
			hasScannedForEncodings = 0;
			knownRegions = (
				en,
				Base,
			);
			mainGroup = B17190182B0DDCA800518623;
			productRefGroup = B17190222B0DDCA800518623 /* Products */;
			projectDirPath = "";
			projectRoot = "";
			targets = (
				B17190202B0DDCA800518623 /* SurfTool */,
				B1A4C3A12B18730600E3C2C2 /* islandExtension */,
			);
		};
/* End PBXProject section */

/* Begin PBXResourcesBuildPhase section */
		B171901F2B0DDCA800518623 /* Resources */ = {
			isa = PBXResourcesBuildPhase;
			buildActionMask = 2147483647;
			files = (
				B17190312B0DDCA900518623 /* LaunchScreen.storyboard in Resources */,
				B175BCFF2B1EF930000B83A6 /* StickerView.bundle in Resources */,
				B171902E2B0DDCA900518623 /* Assets.xcassets in Resources */,
			);
			runOnlyForDeploymentPostprocessing = 0;
		};
		B1A4C3A02B18730600E3C2C2 /* Resources */ = {
			isa = PBXResourcesBuildPhase;
			buildActionMask = 2147483647;
			files = (
				B1A4C3AF2B18730800E3C2C2 /* Assets.xcassets in Resources */,
			);
			runOnlyForDeploymentPostprocessing = 0;
		};
/* End PBXResourcesBuildPhase section */

/* Begin PBXShellScriptBuildPhase section */
		261F378045D43893954593F0 /* [CP] Embed Pods Frameworks */ = {
			isa = PBXShellScriptBuildPhase;
			buildActionMask = 2147483647;
			files = (
			);
			inputFileListPaths = (
				"${PODS_ROOT}/Target Support Files/Pods-SurfTool/Pods-SurfTool-frameworks-${CONFIGURATION}-input-files.xcfilelist",
			);
			name = "[CP] Embed Pods Frameworks";
			outputFileListPaths = (
				"${PODS_ROOT}/Target Support Files/Pods-SurfTool/Pods-SurfTool-frameworks-${CONFIGURATION}-output-files.xcfilelist",
			);
			runOnlyForDeploymentPostprocessing = 0;
			shellPath = /bin/sh;
			shellScript = "\"${PODS_ROOT}/Target Support Files/Pods-SurfTool/Pods-SurfTool-frameworks.sh\"\n";
			showEnvVarsInLog = 0;
		};
		28684E61D2C68744086EF7F5 /* [CP] Check Pods Manifest.lock */ = {
			isa = PBXShellScriptBuildPhase;
			buildActionMask = 2147483647;
			files = (
			);
			inputFileListPaths = (
			);
			inputPaths = (
				"${PODS_PODFILE_DIR_PATH}/Podfile.lock",
				"${PODS_ROOT}/Manifest.lock",
			);
			name = "[CP] Check Pods Manifest.lock";
			outputFileListPaths = (
			);
			outputPaths = (
				"$(DERIVED_FILE_DIR)/Pods-SurfTool-checkManifestLockResult.txt",
			);
			runOnlyForDeploymentPostprocessing = 0;
			shellPath = /bin/sh;
			shellScript = "diff \"${PODS_PODFILE_DIR_PATH}/Podfile.lock\" \"${PODS_ROOT}/Manifest.lock\" > /dev/null\nif [ $? != 0 ] ; then\n    # print error to STDERR\n    echo \"error: The sandbox is not in sync with the Podfile.lock. Run 'pod install' or update your CocoaPods installation.\" >&2\n    exit 1\nfi\n# This output is used by Xcode 'outputs' to avoid re-running this script phase.\necho \"SUCCESS\" > \"${SCRIPT_OUTPUT_FILE_0}\"\n";
			showEnvVarsInLog = 0;
		};
/* End PBXShellScriptBuildPhase section */

/* Begin PBXSourcesBuildPhase section */
		B171901D2B0DDCA800518623 /* Sources */ = {
			isa = PBXSourcesBuildPhase;
			buildActionMask = 2147483647;
			files = (
				B1D3DEAF2B197220000F516D /* IslandAttributes.swift in Sources */,
				B175BD012B1EF930000B83A6 /* StickerView.m in Sources */,
				B1A4C3872B1195B900E3C2C2 /* PhotoBlurHandler.swift in Sources */,
				B1A4C3892B14381900E3C2C2 /* AlbumListViewController.swift in Sources */,
				B1A4C38D2B15E5FA00E3C2C2 /* PhotoUserView.swift in Sources */,
				B175BD002B1EF930000B83A6 /* SingleHandGestureRecognizer.m in Sources */,
				B1A4C3932B16065E00E3C2C2 /* PhotoDiamondViewController.swift in Sources */,
				B171903E2B0F55F100518623 /* PhotoDBModel.swift in Sources */,
				B171903A2B0DFF9200518623 /* PhotoListViewController.swift in Sources */,
				B17190402B0F58FC00518623 /* PhotoDBHandler.swift in Sources */,
				B1A4C39D2B17155800E3C2C2 /* PurchCell.swift in Sources */,
				B17190252B0DDCA800518623 /* AppDelegate.swift in Sources */,
				B1A4C3992B16086A00E3C2C2 /* PhotoPurchHandler.swift in Sources */,
				B175BCF62B1DC929000B83A6 /* PhotoStickerView.swift in Sources */,
				B1A4C38B2B143FC800E3C2C2 /* AlbumItemCell.swift in Sources */,
				B175BCF82B1DCDDB000B83A6 /* PhotoFullViewController.swift in Sources */,
				B1A4C38F2B15FF5400E3C2C2 /* PhotoWebViewController.swift in Sources */,
				B175BCF22B1DA0C5000B83A6 /* PhotoTextCell.swift in Sources */,
				B171903C2B0F52E100518623 /* PhotoItemCell.swift in Sources */,
			);
			runOnlyForDeploymentPostprocessing = 0;
		};
		B1A4C39E2B18730600E3C2C2 /* Sources */ = {
			isa = PBXSourcesBuildPhase;
			buildActionMask = 2147483647;
			files = (
				B1A4C3A92B18730600E3C2C2 /* islandBundle.swift in Sources */,
				B1A4C3AB2B18730600E3C2C2 /* islandLiveActivity.swift in Sources */,
				B1D3DEB02B197220000F516D /* IslandAttributes.swift in Sources */,
			);
			runOnlyForDeploymentPostprocessing = 0;
		};
/* End PBXSourcesBuildPhase section */

/* Begin PBXTargetDependency section */
		B1A4C3B22B18730800E3C2C2 /* PBXTargetDependency */ = {
			isa = PBXTargetDependency;
			target = B1A4C3A12B18730600E3C2C2 /* islandExtension */;
			targetProxy = B1A4C3B12B18730800E3C2C2 /* PBXContainerItemProxy */;
		};
/* End PBXTargetDependency section */

/* Begin PBXVariantGroup section */
		B171902F2B0DDCA900518623 /* LaunchScreen.storyboard */ = {
			isa = PBXVariantGroup;
			children = (
				B17190302B0DDCA900518623 /* Base */,
			);
			name = LaunchScreen.storyboard;
			sourceTree = "<group>";
		};
/* End PBXVariantGroup section */

/* Begin XCBuildConfiguration section */
		B17190332B0DDCA900518623 /* Debug */ = {
			isa = XCBuildConfiguration;
			buildSettings = {
				ALWAYS_SEARCH_USER_PATHS = NO;
				ASSETCATALOG_COMPILER_GENERATE_SWIFT_ASSET_SYMBOL_EXTENSIONS = YES;
				CLANG_ANALYZER_NONNULL = YES;
				CLANG_ANALYZER_NUMBER_OBJECT_CONVERSION = YES_AGGRESSIVE;
				CLANG_CXX_LANGUAGE_STANDARD = "gnu++20";
				CLANG_ENABLE_MODULES = YES;
				CLANG_ENABLE_OBJC_ARC = YES;
				CLANG_ENABLE_OBJC_WEAK = YES;
				CLANG_WARN_BLOCK_CAPTURE_AUTORELEASING = YES;
				CLANG_WARN_BOOL_CONVERSION = YES;
				CLANG_WARN_COMMA = YES;
				CLANG_WARN_CONSTANT_CONVERSION = YES;
				CLANG_WARN_DEPRECATED_OBJC_IMPLEMENTATIONS = YES;
				CLANG_WARN_DIRECT_OBJC_ISA_USAGE = YES_ERROR;
				CLANG_WARN_DOCUMENTATION_COMMENTS = YES;
				CLANG_WARN_EMPTY_BODY = YES;
				CLANG_WARN_ENUM_CONVERSION = YES;
				CLANG_WARN_INFINITE_RECURSION = YES;
				CLANG_WARN_INT_CONVERSION = YES;
				CLANG_WARN_NON_LITERAL_NULL_CONVERSION = YES;
				CLANG_WARN_OBJC_IMPLICIT_RETAIN_SELF = YES;
				CLANG_WARN_OBJC_LITERAL_CONVERSION = YES;
				CLANG_WARN_OBJC_ROOT_CLASS = YES_ERROR;
				CLANG_WARN_QUOTED_INCLUDE_IN_FRAMEWORK_HEADER = YES;
				CLANG_WARN_RANGE_LOOP_ANALYSIS = YES;
				CLANG_WARN_STRICT_PROTOTYPES = YES;
				CLANG_WARN_SUSPICIOUS_MOVE = YES;
				CLANG_WARN_UNGUARDED_AVAILABILITY = YES_AGGRESSIVE;
				CLANG_WARN_UNREACHABLE_CODE = YES;
				CLANG_WARN__DUPLICATE_METHOD_MATCH = YES;
				COPY_PHASE_STRIP = NO;
				DEBUG_INFORMATION_FORMAT = dwarf;
				ENABLE_STRICT_OBJC_MSGSEND = YES;
				ENABLE_TESTABILITY = YES;
				ENABLE_USER_SCRIPT_SANDBOXING = YES;
				GCC_C_LANGUAGE_STANDARD = gnu17;
				GCC_DYNAMIC_NO_PIC = NO;
				GCC_NO_COMMON_BLOCKS = YES;
				GCC_OPTIMIZATION_LEVEL = 0;
				GCC_PREPROCESSOR_DEFINITIONS = (
					"DEBUG=1",
					"$(inherited)",
				);
				GCC_WARN_64_TO_32_BIT_CONVERSION = YES;
				GCC_WARN_ABOUT_RETURN_TYPE = YES_ERROR;
				GCC_WARN_UNDECLARED_SELECTOR = YES;
				GCC_WARN_UNINITIALIZED_AUTOS = YES_AGGRESSIVE;
				GCC_WARN_UNUSED_FUNCTION = YES;
				GCC_WARN_UNUSED_VARIABLE = YES;
				IPHONEOS_DEPLOYMENT_TARGET = 14.0;
				LOCALIZATION_PREFERS_STRING_CATALOGS = YES;
				MTL_ENABLE_DEBUG_INFO = INCLUDE_SOURCE;
				MTL_FAST_MATH = YES;
				ONLY_ACTIVE_ARCH = YES;
				SDKROOT = iphoneos;
				SWIFT_ACTIVE_COMPILATION_CONDITIONS = "DEBUG $(inherited)";
				SWIFT_OPTIMIZATION_LEVEL = "-Onone";
			};
			name = Debug;
		};
		B17190342B0DDCA900518623 /* Release */ = {
			isa = XCBuildConfiguration;
			buildSettings = {
				ALWAYS_SEARCH_USER_PATHS = NO;
				ASSETCATALOG_COMPILER_GENERATE_SWIFT_ASSET_SYMBOL_EXTENSIONS = YES;
				CLANG_ANALYZER_NONNULL = YES;
				CLANG_ANALYZER_NUMBER_OBJECT_CONVERSION = YES_AGGRESSIVE;
				CLANG_CXX_LANGUAGE_STANDARD = "gnu++20";
				CLANG_ENABLE_MODULES = YES;
				CLANG_ENABLE_OBJC_ARC = YES;
				CLANG_ENABLE_OBJC_WEAK = YES;
				CLANG_WARN_BLOCK_CAPTURE_AUTORELEASING = YES;
				CLANG_WARN_BOOL_CONVERSION = YES;
				CLANG_WARN_COMMA = YES;
				CLANG_WARN_CONSTANT_CONVERSION = YES;
				CLANG_WARN_DEPRECATED_OBJC_IMPLEMENTATIONS = YES;
				CLANG_WARN_DIRECT_OBJC_ISA_USAGE = YES_ERROR;
				CLANG_WARN_DOCUMENTATION_COMMENTS = YES;
				CLANG_WARN_EMPTY_BODY = YES;
				CLANG_WARN_ENUM_CONVERSION = YES;
				CLANG_WARN_INFINITE_RECURSION = YES;
				CLANG_WARN_INT_CONVERSION = YES;
				CLANG_WARN_NON_LITERAL_NULL_CONVERSION = YES;
				CLANG_WARN_OBJC_IMPLICIT_RETAIN_SELF = YES;
				CLANG_WARN_OBJC_LITERAL_CONVERSION = YES;
				CLANG_WARN_OBJC_ROOT_CLASS = YES_ERROR;
				CLANG_WARN_QUOTED_INCLUDE_IN_FRAMEWORK_HEADER = YES;
				CLANG_WARN_RANGE_LOOP_ANALYSIS = YES;
				CLANG_WARN_STRICT_PROTOTYPES = YES;
				CLANG_WARN_SUSPICIOUS_MOVE = YES;
				CLANG_WARN_UNGUARDED_AVAILABILITY = YES_AGGRESSIVE;
				CLANG_WARN_UNREACHABLE_CODE = YES;
				CLANG_WARN__DUPLICATE_METHOD_MATCH = YES;
				COPY_PHASE_STRIP = NO;
				DEBUG_INFORMATION_FORMAT = "dwarf-with-dsym";
				ENABLE_NS_ASSERTIONS = NO;
				ENABLE_STRICT_OBJC_MSGSEND = YES;
				ENABLE_USER_SCRIPT_SANDBOXING = YES;
				GCC_C_LANGUAGE_STANDARD = gnu17;
				GCC_NO_COMMON_BLOCKS = YES;
				GCC_WARN_64_TO_32_BIT_CONVERSION = YES;
				GCC_WARN_ABOUT_RETURN_TYPE = YES_ERROR;
				GCC_WARN_UNDECLARED_SELECTOR = YES;
				GCC_WARN_UNINITIALIZED_AUTOS = YES_AGGRESSIVE;
				GCC_WARN_UNUSED_FUNCTION = YES;
				GCC_WARN_UNUSED_VARIABLE = YES;
				IPHONEOS_DEPLOYMENT_TARGET = 14.0;
				LOCALIZATION_PREFERS_STRING_CATALOGS = YES;
				MTL_ENABLE_DEBUG_INFO = NO;
				MTL_FAST_MATH = YES;
				SDKROOT = iphoneos;
				SWIFT_COMPILATION_MODE = wholemodule;
				VALIDATE_PRODUCT = YES;
			};
			name = Release;
		};
		B17190362B0DDCA900518623 /* Debug */ = {
			isa = XCBuildConfiguration;
			baseConfigurationReference = B50FC2F7C750545CDB2F66CD /* Pods-SurfTool.debug.xcconfig */;
			buildSettings = {
				ALWAYS_EMBED_SWIFT_STANDARD_LIBRARIES = YES;
				ASSETCATALOG_COMPILER_APPICON_NAME = AppIcon;
				ASSETCATALOG_COMPILER_GLOBAL_ACCENT_COLOR_NAME = AccentColor;
				CODE_SIGN_ENTITLEMENTS = SurfTool/SurfTool.entitlements;
				"CODE_SIGN_IDENTITY[sdk=iphoneos*]" = "iPhone Developer";
				CODE_SIGN_STYLE = Manual;
				CURRENT_PROJECT_VERSION = 1;
				DEVELOPMENT_TEAM = "";
				"DEVELOPMENT_TEAM[sdk=iphoneos*]" = 6P9263DA3S;
				ENABLE_USER_SCRIPT_SANDBOXING = NO;
				GENERATE_INFOPLIST_FILE = YES;
				INFOPLIST_FILE = SurfTool/Info.plist;
				INFOPLIST_KEY_CFBundleDisplayName = "Memories Album";
				INFOPLIST_KEY_NSCameraUsageDescription = "Access to the camera is required to capture photos for selection and display\\";
				INFOPLIST_KEY_NSPhotoLibraryAddUsageDescription = "Photo library access is required to save images to the album";
				INFOPLIST_KEY_NSPhotoLibraryUsageDescription = "Requires access to the photo gallery to obtain photos for selection and display";
				INFOPLIST_KEY_NSSupportsLiveActivities = YES;
				INFOPLIST_KEY_UIApplicationSupportsIndirectInputEvents = YES;
				INFOPLIST_KEY_UILaunchStoryboardName = LaunchScreen.storyboard;
				INFOPLIST_KEY_UIMainStoryboardFile = "";
				INFOPLIST_KEY_UIStatusBarHidden = YES;
				INFOPLIST_KEY_UIStatusBarStyle = UIStatusBarStyleDefault;
				INFOPLIST_KEY_UISupportedInterfaceOrientations = UIInterfaceOrientationPortrait;
				INFOPLIST_KEY_UIUserInterfaceStyle = Light;
				IPHONEOS_DEPLOYMENT_TARGET = 14.0;
				LD_RUNPATH_SEARCH_PATHS = (
					"$(inherited)",
					"@executable_path/Frameworks",
				);
				MARKETING_VERSION = 1.0;
				PRODUCT_BUNDLE_IDENTIFIER = com.surf.chat;
				PRODUCT_NAME = "$(TARGET_NAME)";
				PROVISIONING_PROFILE_SPECIFIER = "";
				"PROVISIONING_PROFILE_SPECIFIER[sdk=iphoneos*]" = surf_dev;
				SUPPORTED_PLATFORMS = "iphoneos iphonesimulator";
				SUPPORTS_MACCATALYST = NO;
				SUPPORTS_MAC_DESIGNED_FOR_IPHONE_IPAD = NO;
				SWIFT_EMIT_LOC_STRINGS = YES;
				SWIFT_OBJC_BRIDGING_HEADER = "SurfTool/1.0/SurfTool-Bridging-Header.h";
				SWIFT_VERSION = 5.0;
				TARGETED_DEVICE_FAMILY = 1;
			};
			name = Debug;
		};
		B17190372B0DDCA900518623 /* Release */ = {
			isa = XCBuildConfiguration;
			baseConfigurationReference = C60C0B78843D8FEC13B9C6B3 /* Pods-SurfTool.release.xcconfig */;
			buildSettings = {
				ALWAYS_EMBED_SWIFT_STANDARD_LIBRARIES = YES;
				ASSETCATALOG_COMPILER_APPICON_NAME = AppIcon;
				ASSETCATALOG_COMPILER_GLOBAL_ACCENT_COLOR_NAME = AccentColor;
				CODE_SIGN_ENTITLEMENTS = SurfTool/SurfTool.entitlements;
				"CODE_SIGN_IDENTITY[sdk=iphoneos*]" = "iPhone Developer";
				CODE_SIGN_STYLE = Manual;
				CURRENT_PROJECT_VERSION = 1;
				DEVELOPMENT_TEAM = "";
				"DEVELOPMENT_TEAM[sdk=iphoneos*]" = 6P9263DA3S;
				ENABLE_USER_SCRIPT_SANDBOXING = NO;
				GENERATE_INFOPLIST_FILE = YES;
				INFOPLIST_FILE = SurfTool/Info.plist;
				INFOPLIST_KEY_CFBundleDisplayName = "Memories Album";
				INFOPLIST_KEY_NSCameraUsageDescription = "Access to the camera is required to capture photos for selection and display\\";
				INFOPLIST_KEY_NSPhotoLibraryAddUsageDescription = "Photo library access is required to save images to the album";
				INFOPLIST_KEY_NSPhotoLibraryUsageDescription = "Requires access to the photo gallery to obtain photos for selection and display";
				INFOPLIST_KEY_NSSupportsLiveActivities = YES;
				INFOPLIST_KEY_UIApplicationSupportsIndirectInputEvents = YES;
				INFOPLIST_KEY_UILaunchStoryboardName = LaunchScreen.storyboard;
				INFOPLIST_KEY_UIMainStoryboardFile = "";
				INFOPLIST_KEY_UIStatusBarHidden = YES;
				INFOPLIST_KEY_UIStatusBarStyle = UIStatusBarStyleDefault;
				INFOPLIST_KEY_UISupportedInterfaceOrientations = UIInterfaceOrientationPortrait;
				INFOPLIST_KEY_UIUserInterfaceStyle = Light;
				IPHONEOS_DEPLOYMENT_TARGET = 14.0;
				LD_RUNPATH_SEARCH_PATHS = (
					"$(inherited)",
					"@executable_path/Frameworks",
				);
				MARKETING_VERSION = 1.0;
				PRODUCT_BUNDLE_IDENTIFIER = com.surf.chat;
				PRODUCT_NAME = "$(TARGET_NAME)";
				PROVISIONING_PROFILE_SPECIFIER = "";
				"PROVISIONING_PROFILE_SPECIFIER[sdk=iphoneos*]" = surf_dev;
				SUPPORTED_PLATFORMS = "iphoneos iphonesimulator";
				SUPPORTS_MACCATALYST = NO;
				SUPPORTS_MAC_DESIGNED_FOR_IPHONE_IPAD = NO;
				SWIFT_EMIT_LOC_STRINGS = YES;
				SWIFT_OBJC_BRIDGING_HEADER = "SurfTool/1.0/SurfTool-Bridging-Header.h";
				SWIFT_VERSION = 5.0;
				TARGETED_DEVICE_FAMILY = 1;
			};
			name = Release;
		};
		B1A4C3B52B18730800E3C2C2 /* Debug */ = {
			isa = XCBuildConfiguration;
			buildSettings = {
				ASSETCATALOG_COMPILER_GLOBAL_ACCENT_COLOR_NAME = AccentColor;
				ASSETCATALOG_COMPILER_WIDGET_BACKGROUND_COLOR_NAME = WidgetBackground;
				CODE_SIGN_ENTITLEMENTS = islandExtension.entitlements;
				"CODE_SIGN_IDENTITY[sdk=iphoneos*]" = "iPhone Developer";
				CODE_SIGN_STYLE = Manual;
				CURRENT_PROJECT_VERSION = 1;
				DEVELOPMENT_TEAM = "";
				"DEVELOPMENT_TEAM[sdk=iphoneos*]" = 6P9263DA3S;
				GENERATE_INFOPLIST_FILE = YES;
				INFOPLIST_FILE = island/Info.plist;
				INFOPLIST_KEY_CFBundleDisplayName = island;
				INFOPLIST_KEY_NSHumanReadableCopyright = "";
				IPHONEOS_DEPLOYMENT_TARGET = 16.1;
				LD_RUNPATH_SEARCH_PATHS = (
					"$(inherited)",
					"@executable_path/Frameworks",
					"@executable_path/../../Frameworks",
				);
				MARKETING_VERSION = 1.0;
				PRODUCT_BUNDLE_IDENTIFIER = com.surf.chat.island;
				PRODUCT_NAME = "$(TARGET_NAME)";
				PROVISIONING_PROFILE_SPECIFIER = "";
				"PROVISIONING_PROFILE_SPECIFIER[sdk=iphoneos*]" = surftool_dev;
				SKIP_INSTALL = YES;
				SUPPORTED_PLATFORMS = "iphoneos iphonesimulator";
				SUPPORTS_MACCATALYST = NO;
				SUPPORTS_MAC_DESIGNED_FOR_IPHONE_IPAD = NO;
				SWIFT_EMIT_LOC_STRINGS = YES;
				SWIFT_VERSION = 5.0;
				TARGETED_DEVICE_FAMILY = 1;
			};
			name = Debug;
		};
		B1A4C3B62B18730800E3C2C2 /* Release */ = {
			isa = XCBuildConfiguration;
			buildSettings = {
				ASSETCATALOG_COMPILER_GLOBAL_ACCENT_COLOR_NAME = AccentColor;
				ASSETCATALOG_COMPILER_WIDGET_BACKGROUND_COLOR_NAME = WidgetBackground;
				CODE_SIGN_ENTITLEMENTS = islandExtension.entitlements;
				"CODE_SIGN_IDENTITY[sdk=iphoneos*]" = "iPhone Distribution";
				CODE_SIGN_STYLE = Manual;
				CURRENT_PROJECT_VERSION = 1;
				DEVELOPMENT_TEAM = "";
				"DEVELOPMENT_TEAM[sdk=iphoneos*]" = 6P9263DA3S;
				GENERATE_INFOPLIST_FILE = YES;
				INFOPLIST_FILE = island/Info.plist;
				INFOPLIST_KEY_CFBundleDisplayName = island;
				INFOPLIST_KEY_NSHumanReadableCopyright = "";
				IPHONEOS_DEPLOYMENT_TARGET = 16.1;
				LD_RUNPATH_SEARCH_PATHS = (
					"$(inherited)",
					"@executable_path/Frameworks",
					"@executable_path/../../Frameworks",
				);
				MARKETING_VERSION = 1.0;
				PRODUCT_BUNDLE_IDENTIFIER = com.surf.chat.island;
				PRODUCT_NAME = "$(TARGET_NAME)";
				PROVISIONING_PROFILE_SPECIFIER = "";
				"PROVISIONING_PROFILE_SPECIFIER[sdk=iphoneos*]" = surfTool_release;
				SKIP_INSTALL = YES;
				SUPPORTED_PLATFORMS = "iphoneos iphonesimulator";
				SUPPORTS_MACCATALYST = NO;
				SUPPORTS_MAC_DESIGNED_FOR_IPHONE_IPAD = NO;
				SWIFT_EMIT_LOC_STRINGS = YES;
				SWIFT_VERSION = 5.0;
				TARGETED_DEVICE_FAMILY = 1;
			};
			name = Release;
		};
/* End XCBuildConfiguration section */

/* Begin XCConfigurationList section */
		B171901C2B0DDCA800518623 /* Build configuration list for PBXProject "SurfTool" */ = {
			isa = XCConfigurationList;
			buildConfigurations = (
				B17190332B0DDCA900518623 /* Debug */,
				B17190342B0DDCA900518623 /* Release */,
			);
			defaultConfigurationIsVisible = 0;
			defaultConfigurationName = Release;
		};
		B17190352B0DDCA900518623 /* Build configuration list for PBXNativeTarget "SurfTool" */ = {
			isa = XCConfigurationList;
			buildConfigurations = (
				B17190362B0DDCA900518623 /* Debug */,
				B17190372B0DDCA900518623 /* Release */,
			);
			defaultConfigurationIsVisible = 0;
			defaultConfigurationName = Release;
		};
		B1A4C3B42B18730800E3C2C2 /* Build configuration list for PBXNativeTarget "islandExtension" */ = {
			isa = XCConfigurationList;
			buildConfigurations = (
				B1A4C3B52B18730800E3C2C2 /* Debug */,
				B1A4C3B62B18730800E3C2C2 /* Release */,
			);
			defaultConfigurationIsVisible = 0;
			defaultConfigurationName = Release;
		};
/* End XCConfigurationList section */
	};
	rootObject = B17190192B0DDCA800518623 /* Project object */;
}
